
Microsoft Visual Studio Solution File, Format Version 12.00
# Visual Studio 15
VisualStudioVersion = 15.0.28307.136
MinimumVisualStudioVersion = 10.0.40219.1
Project("{9A19103F-16F7-4668-BE54-9A1E7A4F7556}") = "Library", "Library\Library.csproj", "{B9D36D14-C22E-4BAC-A3E0-12EDAA2D7DA5}"
EndProject
Project("{9A19103F-16F7-4668-BE54-9A1E7A4F7556}") = "LibraryData", "LibraryData\LibraryData.csproj", "{B4389763-FD60-458D-B6FD-8010407F24A5}"
EndProject
Project("{9A19103F-16F7-4668-BE54-9A1E7A4F7556}") = "LibraryServices", "LibraryServices\LibraryServices.csproj", "{6FBD4D16-91DF-46BA-9EDC-2644733945FF}"
EndProject
Global
	GlobalSection(SolutionConfigurationPlatforms) = preSolution
		Debug|Any CPU = Debug|Any CPU
		Release|Any CPU = Release|Any CPU
	EndGlobalSection
	GlobalSection(ProjectConfigurationPlatforms) = postSolution
		{B9D36D14-C22E-4BAC-A3E0-12EDAA2D7DA5}.Debug|Any CPU.ActiveCfg = Debug|Any CPU
		{B9D36D14-C22E-4BAC-A3E0-12EDAA2D7DA5}.Debug|Any CPU.Build.0 = Debug|Any CPU
		{B9D36D14-C22E-4BAC-A3E0-12EDAA2D7DA5}.Release|Any CPU.ActiveCfg = Release|Any CPU
		{B9D36D14-C22E-4BAC-A3E0-12EDAA2D7DA5}.Release|Any CPU.Build.0 = Release|Any CPU
		{B4389763-FD60-458D-B6FD-8010407F24A5}.Debug|Any CPU.ActiveCfg = Debug|Any CPU
		{B4389763-FD60-458D-B6FD-8010407F24A5}.Debug|Any CPU.Build.0 = Debug|Any CPU
		{B4389763-FD60-458D-B6FD-8010407F24A5}.Release|Any CPU.ActiveCfg = Release|Any CPU
		{B4389763-FD60-458D-B6FD-8010407F24A5}.Release|Any CPU.Build.0 = Release|Any CPU
		{6FBD4D16-91DF-46BA-9EDC-2644733945FF}.Debug|Any CPU.ActiveCfg = Debug|Any CPU
		{6FBD4D16-91DF-46BA-9EDC-2644733945FF}.Debug|Any CPU.Build.0 = Debug|Any CPU
		{6FBD4D16-91DF-46BA-9EDC-2644733945FF}.Release|Any CPU.ActiveCfg = Release|Any CPU
		{6FBD4D16-91DF-46BA-9EDC-2644733945FF}.Release|Any CPU.Build.0 = Release|Any CPU
	EndGlobalSection
	GlobalSection(SolutionProperties) = preSolution
		HideSolutionNode = FALSE
	EndGlobalSection
	GlobalSection(ExtensibilityGlobals) = postSolution
		SolutionGuid = {246C4B2B-2248-470A-A720-3C5546808457}
	EndGlobalSection
EndGlobal
